
Microsoft Visual Studio Solution File, Format Version 12.00
# Visual Studio Version 17
VisualStudioVersion = 17.0.31919.166
MinimumVisualStudioVersion = 10.0.40219.1
Project("{FAE04EC0-301F-11D3-BF4B-00C04F79EFBC}") = "advent2021", "advent2021\advent2021.csproj", "{E966AFC4-44F5-4B32-8D00-B16ADD205DF0}"
EndProject
Global
	GlobalSection(SolutionConfigurationPlatforms) = preSolution
		Debug|Any CPU = Debug|Any CPU
		Release|Any CPU = Release|Any CPU
	EndGlobalSection
	GlobalSection(ProjectConfigurationPlatforms) = postSolution
		{E966AFC4-44F5-4B32-8D00-B16ADD205DF0}.Debug|Any CPU.ActiveCfg = Debug|Any CPU
		{E966AFC4-44F5-4B32-8D00-B16ADD205DF0}.Debug|Any CPU.Build.0 = Debug|Any CPU
		{E966AFC4-44F5-4B32-8D00-B16ADD205DF0}.Release|Any CPU.ActiveCfg = Release|Any CPU
		{E966AFC4-44F5-4B32-8D00-B16ADD205DF0}.Release|Any CPU.Build.0 = Release|Any CPU
	EndGlobalSection
	GlobalSection(SolutionProperties) = preSolution
		HideSolutionNode = FALSE
	EndGlobalSection
	GlobalSection(ExtensibilityGlobals) = postSolution
		SolutionGuid = {8700711B-F694-4BC0-ADEB-4F48E19100B6}
	EndGlobalSection
EndGlobal
